{
  "name": "pokedex-vanillajs",
  "version": "1.0.0",
  "lockfileVersion": 2,
  "requires": true,
  "packages": {
    "": {
      "name": "pokedex-vanillajs",
      "version": "1.0.0",
      "license": "ISC",
      "dependencies": {
        "pokemon-font": "^1.8.1"
      }
    },
    "node_modules/pokemon-font": {
      "version": "1.8.1",
      "resolved": "https://registry.npmjs.org/pokemon-font/-/pokemon-font-1.8.1.tgz",
      "integrity": "sha512-INOiw38rYaIig9ehTow6RZ2FbXNtm+5B/BpNUIwkctkGfZxjx86QqPPGwAmvrCoze9lohkML0hP7u6qu1gi1rQ=="
    }
  },
  "dependencies": {
    "pokemon-font": {
      "version": "1.8.1",
      "resolved": "https://registry.npmjs.org/pokemon-font/-/pokemon-font-1.8.1.tgz",
      "integrity": "sha512-INOiw38rYaIig9ehTow6RZ2FbXNtm+5B/BpNUIwkctkGfZxjx86QqPPGwAmvrCoze9lohkML0hP7u6qu1gi1rQ=="
    }
  }
}
